
Microsoft Visual Studio Solution File, Format Version 12.00
# Visual Studio 15
VisualStudioVersion = 15.0.26124.0
MinimumVisualStudioVersion = 15.0.26124.0
Project("{FAE04EC0-301F-11D3-BF4B-00C04F79EFBC}") = "qram", "src\qram.csproj", "{DDD89D88-1484-4D86-B18C-F9267AB73C74}"
EndProject
Project("{FAE04EC0-301F-11D3-BF4B-00C04F79EFBC}") = "tests", "tests\tests.csproj", "{F0398818-74CB-4B47-981B-39CA7B214E5A}"
EndProject
Project("{2150E333-8FDC-42A3-9474-1A3956D46DE8}") = "samples", "samples", "{BC9A489D-88AF-4DE2-A3EE-F31A1FE47D7A}"
EndProject
Project("{FAE04EC0-301F-11D3-BF4B-00C04F79EFBC}") = "Qrom", "samples\Qrom\QromSample.csproj", "{7DAD2361-E333-4076-B840-FACA90D354F7}"
EndProject
Project("{FAE04EC0-301F-11D3-BF4B-00C04F79EFBC}") = "BucketBrigade", "samples\BucketBrigade\BucketBrigadeSample.csproj", "{7DAD2361-E333-4076-B840-FACA90D354F7}"
EndProject
Global
	GlobalSection(SolutionConfigurationPlatforms) = preSolution
		Debug|Any CPU = Debug|Any CPU
		Debug|x64 = Debug|x64
		Debug|x86 = Debug|x86
		Release|Any CPU = Release|Any CPU
		Release|x64 = Release|x64
		Release|x86 = Release|x86
	EndGlobalSection
	GlobalSection(SolutionProperties) = preSolution
		HideSolutionNode = FALSE
	EndGlobalSection
	GlobalSection(ProjectConfigurationPlatforms) = postSolution
		{DDD89D88-1484-4D86-B18C-F9267AB73C74}.Debug|Any CPU.ActiveCfg = Debug|Any CPU
		{DDD89D88-1484-4D86-B18C-F9267AB73C74}.Debug|Any CPU.Build.0 = Debug|Any CPU
		{DDD89D88-1484-4D86-B18C-F9267AB73C74}.Debug|x64.ActiveCfg = Debug|Any CPU
		{DDD89D88-1484-4D86-B18C-F9267AB73C74}.Debug|x64.Build.0 = Debug|Any CPU
		{DDD89D88-1484-4D86-B18C-F9267AB73C74}.Debug|x86.ActiveCfg = Debug|Any CPU
		{DDD89D88-1484-4D86-B18C-F9267AB73C74}.Debug|x86.Build.0 = Debug|Any CPU
		{DDD89D88-1484-4D86-B18C-F9267AB73C74}.Release|Any CPU.ActiveCfg = Release|Any CPU
		{DDD89D88-1484-4D86-B18C-F9267AB73C74}.Release|Any CPU.Build.0 = Release|Any CPU
		{DDD89D88-1484-4D86-B18C-F9267AB73C74}.Release|x64.ActiveCfg = Release|Any CPU
		{DDD89D88-1484-4D86-B18C-F9267AB73C74}.Release|x64.Build.0 = Release|Any CPU
		{DDD89D88-1484-4D86-B18C-F9267AB73C74}.Release|x86.ActiveCfg = Release|Any CPU
		{DDD89D88-1484-4D86-B18C-F9267AB73C74}.Release|x86.Build.0 = Release|Any CPU
		{F0398818-74CB-4B47-981B-39CA7B214E5A}.Debug|Any CPU.ActiveCfg = Debug|Any CPU
		{F0398818-74CB-4B47-981B-39CA7B214E5A}.Debug|Any CPU.Build.0 = Debug|Any CPU
		{F0398818-74CB-4B47-981B-39CA7B214E5A}.Debug|x64.ActiveCfg = Debug|Any CPU
		{F0398818-74CB-4B47-981B-39CA7B214E5A}.Debug|x64.Build.0 = Debug|Any CPU
		{F0398818-74CB-4B47-981B-39CA7B214E5A}.Debug|x86.ActiveCfg = Debug|Any CPU
		{F0398818-74CB-4B47-981B-39CA7B214E5A}.Debug|x86.Build.0 = Debug|Any CPU
		{F0398818-74CB-4B47-981B-39CA7B214E5A}.Release|Any CPU.ActiveCfg = Release|Any CPU
		{F0398818-74CB-4B47-981B-39CA7B214E5A}.Release|Any CPU.Build.0 = Release|Any CPU
		{F0398818-74CB-4B47-981B-39CA7B214E5A}.Release|x64.ActiveCfg = Release|Any CPU
		{F0398818-74CB-4B47-981B-39CA7B214E5A}.Release|x64.Build.0 = Release|Any CPU
		{F0398818-74CB-4B47-981B-39CA7B214E5A}.Release|x86.ActiveCfg = Release|Any CPU
		{F0398818-74CB-4B47-981B-39CA7B214E5A}.Release|x86.Build.0 = Release|Any CPU
		{7DAD2361-E333-4076-B840-FACA90D354F7}.Debug|Any CPU.ActiveCfg = Debug|Any CPU
		{7DAD2361-E333-4076-B840-FACA90D354F7}.Debug|Any CPU.Build.0 = Debug|Any CPU
		{7DAD2361-E333-4076-B840-FACA90D354F7}.Debug|x64.ActiveCfg = Debug|Any CPU
		{7DAD2361-E333-4076-B840-FACA90D354F7}.Debug|x64.Build.0 = Debug|Any CPU
		{7DAD2361-E333-4076-B840-FACA90D354F7}.Debug|x86.ActiveCfg = Debug|Any CPU
		{7DAD2361-E333-4076-B840-FACA90D354F7}.Debug|x86.Build.0 = Debug|Any CPU
		{7DAD2361-E333-4076-B840-FACA90D354F7}.Release|Any CPU.ActiveCfg = Release|Any CPU
		{7DAD2361-E333-4076-B840-FACA90D354F7}.Release|Any CPU.Build.0 = Release|Any CPU
		{7DAD2361-E333-4076-B840-FACA90D354F7}.Release|x64.ActiveCfg = Release|Any CPU
		{7DAD2361-E333-4076-B840-FACA90D354F7}.Release|x64.Build.0 = Release|Any CPU
		{7DAD2361-E333-4076-B840-FACA90D354F7}.Release|x86.ActiveCfg = Release|Any CPU
		{7DAD2361-E333-4076-B840-FACA90D354F7}.Release|x86.Build.0 = Release|Any CPU
	EndGlobalSection
	GlobalSection(NestedProjects) = preSolution
		{7DAD2361-E333-4076-B840-FACA90D354F7} = {BC9A489D-88AF-4DE2-A3EE-F31A1FE47D7A}
	EndGlobalSection
EndGlobal
